// !$*UTF8*$!
{
	archiveVersion = 1;
	classes = {
	};
	objectVersion = 46;
	objects = {

/* Begin PBXBuildFile section */
		EBB132B11AD5C73B0046D241 /* main.m in Sources */ = {isa = PBXBuildFile; fileRef = EBB132B01AD5C73B0046D241 /* main.m */; };
		EBB132B41AD5C73B0046D241 /* AppDelegate.m in Sources */ = {isa = PBXBuildFile; fileRef = EBB132B31AD5C73B0046D241 /* AppDelegate.m */; };
		EBB132B71AD5C73B0046D241 /* ViewController.m in Sources */ = {isa = PBXBuildFile; fileRef = EBB132B61AD5C73B0046D241 /* ViewController.m */; };
		EBB132BA1AD5C73B0046D241 /* Main.storyboard in Resources */ = {isa = PBXBuildFile; fileRef = EBB132B81AD5C73B0046D241 /* Main.storyboard */; };
		EBB132BC1AD5C73B0046D241 /* Images.xcassets in Resources */ = {isa = PBXBuildFile; fileRef = EBB132BB1AD5C73B0046D241 /* Images.xcassets */; };
		EBB132BF1AD5C73B0046D241 /* LaunchScreen.xib in Resources */ = {isa = PBXBuildFile; fileRef = EBB132BD1AD5C73B0046D241 /* LaunchScreen.xib */; };
		EBB132CB1AD5C73B0046D241 /* ParseTutorialTests.m in Sources */ = {isa = PBXBuildFile; fileRef = EBB132CA1AD5C73B0046D241 /* ParseTutorialTests.m */; };
/* End PBXBuildFile section */

/* Begin PBXContainerItemProxy section */
		EBB132C51AD5C73B0046D241 /* PBXContainerItemProxy */ = {
			isa = PBXContainerItemProxy;
			containerPortal = EBB132A31AD5C73B0046D241 /* Project object */;
			proxyType = 1;
			remoteGlobalIDString = EBB132AA1AD5C73B0046D241;
			remoteInfo = ParseTutorial;
		};
/* End PBXContainerItemProxy section */

/* Begin PBXFileReference section */
		EBB132AB1AD5C73B0046D241 /* ParseTutorial.app */ = {isa = PBXFileReference; explicitFileType = wrapper.application; includeInIndex = 0; path = ParseTutorial.app; sourceTree = BUILT_PRODUCTS_DIR; };
		EBB132AF1AD5C73B0046D241 /* Info.plist */ = {isa = PBXFileReference; lastKnownFileType = text.plist.xml; path = Info.plist; sourceTree = "<group>"; };
		EBB132B01AD5C73B0046D241 /* main.m */ = {isa = PBXFileReference; lastKnownFileType = sourcecode.c.objc; path = main.m; sourceTree = "<group>"; };
		EBB132B21AD5C73B0046D241 /* AppDelegate.h */ = {isa = PBXFileReference; lastKnownFileType = sourcecode.c.h; path = AppDelegate.h; sourceTree = "<group>"; };
		EBB132B31AD5C73B0046D241 /* AppDelegate.m */ = {isa = PBXFileReference; lastKnownFileType = sourcecode.c.objc; path = AppDelegate.m; sourceTree = "<group>"; };
		EBB132B51AD5C73B0046D241 /* ViewController.h */ = {isa = PBXFileReference; lastKnownFileType = sourcecode.c.h; path = ViewController.h; sourceTree = "<group>"; };
		EBB132B61AD5C73B0046D241 /* ViewController.m */ = {isa = PBXFileReference; lastKnownFileType = sourcecode.c.objc; path = ViewController.m; sourceTree = "<group>"; };
		EBB132B91AD5C73B0046D241 /* Base */ = {isa = PBXFileReference; lastKnownFileType = file.storyboard; name = Base; path = Base.lproj/Main.storyboard; sourceTree = "<group>"; };
		EBB132BB1AD5C73B0046D241 /* Images.xcassets */ = {isa = PBXFileReference; lastKnownFileType = folder.assetcatalog; path = Images.xcassets; sourceTree = "<group>"; };
		EBB132BE1AD5C73B0046D241 /* Base */ = {isa = PBXFileReference; lastKnownFileType = file.xib; name = Base; path = Base.lproj/LaunchScreen.xib; sourceTree = "<group>"; };
		EBB132C41AD5C73B0046D241 /* ParseTutorialTests.xctest */ = {isa = PBXFileReference; explicitFileType = wrapper.cfbundle; includeInIndex = 0; path = ParseTutorialTests.xctest; sourceTree = BUILT_PRODUCTS_DIR; };
		EBB132C91AD5C73B0046D241 /* Info.plist */ = {isa = PBXFileReference; lastKnownFileType = text.plist.xml; path = Info.plist; sourceTree = "<group>"; };
		EBB132CA1AD5C73B0046D241 /* ParseTutorialTests.m */ = {isa = PBXFileReference; lastKnownFileType = sourcecode.c.objc; path = ParseTutorialTests.m; sourceTree = "<group>"; };
/* End PBXFileReference section */

/* Begin PBXFrameworksBuildPhase section */
		EBB132A81AD5C73B0046D241 /* Frameworks */ = {
			isa = PBXFrameworksBuildPhase;
			buildActionMask = 2147483647;
			files = (
			);
			runOnlyForDeploymentPostprocessing = 0;
		};
		EBB132C11AD5C73B0046D241 /* Frameworks */ = {
			isa = PBXFrameworksBuildPhase;
			buildActionMask = 2147483647;
			files = (
			);
			runOnlyForDeploymentPostprocessing = 0;
		};
/* End PBXFrameworksBuildPhase section */

/* Begin PBXGroup section */
		EBB132A21AD5C73B0046D241 = {
			isa = PBXGroup;
			children = (
				EBB132AD1AD5C73B0046D241 /* ParseTutorial */,
				EBB132C71AD5C73B0046D241 /* ParseTutorialTests */,
				EBB132AC1AD5C73B0046D241 /* Products */,
			);
			sourceTree = "<group>";
		};
		EBB132AC1AD5C73B0046D241 /* Products */ = {
			isa = PBXGroup;
			children = (
				EBB132AB1AD5C73B0046D241 /* ParseTutorial.app */,
				EBB132C41AD5C73B0046D241 /* ParseTutorialTests.xctest */,
			);
			name = Products;
			sourceTree = "<group>";
		};
		EBB132AD1AD5C73B0046D241 /* ParseTutorial */ = {
			isa = PBXGroup;
			children = (
				EBB132B21AD5C73B0046D241 /* AppDelegate.h */,
				EBB132B31AD5C73B0046D241 /* AppDelegate.m */,
				EBB132B51AD5C73B0046D241 /* ViewController.h */,
				EBB132B61AD5C73B0046D241 /* ViewController.m */,
				EBB132B81AD5C73B0046D241 /* Main.storyboard */,
				EBB132BB1AD5C73B0046D241 /* Images.xcassets */,
				EBB132BD1AD5C73B0046D241 /* LaunchScreen.xib */,
				EBB132AE1AD5C73B0046D241 /* Supporting Files */,
			);
			path = ParseTutorial;
			sourceTree = "<group>";
		};
		EBB132AE1AD5C73B0046D241 /* Supporting Files */ = {
			isa = PBXGroup;
			children = (
				EBB132AF1AD5C73B0046D241 /* Info.plist */,
				EBB132B01AD5C73B0046D241 /* main.m */,
			);
			name = "Supporting Files";
			sourceTree = "<group>";
		};
		EBB132C71AD5C73B0046D241 /* ParseTutorialTests */ = {
			isa = PBXGroup;
			children = (
				EBB132CA1AD5C73B0046D241 /* ParseTutorialTests.m */,
				EBB132C81AD5C73B0046D241 /* Supporting Files */,
			);
			path = ParseTutorialTests;
			sourceTree = "<group>";
		};
		EBB132C81AD5C73B0046D241 /* Supporting Files */ = {
			isa = PBXGroup;
			children = (
				EBB132C91AD5C73B0046D241 /* Info.plist */,
			);
			name = "Supporting Files";
			sourceTree = "<group>";
		};
/* End PBXGroup section */

/* Begin PBXNativeTarget section */
		EBB132AA1AD5C73B0046D241 /* ParseTutorial */ = {
			isa = PBXNativeTarget;
			buildConfigurationList = EBB132CE1AD5C73B0046D241 /* Build configuration list for PBXNativeTarget "ParseTutorial" */;
			buildPhases = (
				EBB132A71AD5C73B0046D241 /* Sources */,
				EBB132A81AD5C73B0046D241 /* Frameworks */,
				EBB132A91AD5C73B0046D241 /* Resources */,
			);
			buildRules = (
			);
			dependencies = (
			);
			name = ParseTutorial;
			productName = ParseTutorial;
			productReference = EBB132AB1AD5C73B0046D241 /* ParseTutorial.app */;
			productType = "com.apple.product-type.application";
		};
		EBB132C31AD5C73B0046D241 /* ParseTutorialTests */ = {
			isa = PBXNativeTarget;
			buildConfigurationList = EBB132D11AD5C73B0046D241 /* Build configuration list for PBXNativeTarget "ParseTutorialTests" */;
			buildPhases = (
				EBB132C01AD5C73B0046D241 /* Sources */,
				EBB132C11AD5C73B0046D241 /* Frameworks */,
				EBB132C21AD5C73B0046D241 /* Resources */,
			);
			buildRules = (
			);
			dependencies = (
				EBB132C61AD5C73B0046D241 /* PBXTargetDependency */,
			);
			name = ParseTutorialTests;
			productName = ParseTutorialTests;
			productReference = EBB132C41AD5C73B0046D241 /* ParseTutorialTests.xctest */;
			productType = "com.apple.product-type.bundle.unit-test";
		};
/* End PBXNativeTarget section */

/* Begin PBXProject section */
		EBB132A31AD5C73B0046D241 /* Project object */ = {
			isa = PBXProject;
			attributes = {
				LastUpgradeCheck = 0630;
				ORGANIZATIONNAME = "Jon Savage";
				TargetAttributes = {
					EBB132AA1AD5C73B0046D241 = {
						CreatedOnToolsVersion = 6.3;
					};
					EBB132C31AD5C73B0046D241 = {
						CreatedOnToolsVersion = 6.3;
						TestTargetID = EBB132AA1AD5C73B0046D241;
					};
				};
			};
			buildConfigurationList = EBB132A61AD5C73B0046D241 /* Build configuration list for PBXProject "ParseTutorial" */;
			compatibilityVersion = "Xcode 3.2";
			developmentRegion = English;
			hasScannedForEncodings = 0;
			knownRegions = (
				en,
				Base,
			);
			mainGroup = EBB132A21AD5C73B0046D241;
			productRefGroup = EBB132AC1AD5C73B0046D241 /* Products */;
			projectDirPath = "";
			projectRoot = "";
			targets = (
				EBB132AA1AD5C73B0046D241 /* ParseTutorial */,
				EBB132C31AD5C73B0046D241 /* ParseTutorialTests */,
			);
		};
/* End PBXProject section */

/* Begin PBXResourcesBuildPhase section */
		EBB132A91AD5C73B0046D241 /* Resources */ = {
			isa = PBXResourcesBuildPhase;
			buildActionMask = 2147483647;
			files = (
				EBB132BA1AD5C73B0046D241 /* Main.storyboard in Resources */,
				EBB132BF1AD5C73B0046D241 /* LaunchScreen.xib in Resources */,
				EBB132BC1AD5C73B0046D241 /* Images.xcassets in Resources */,
			);
			runOnlyForDeploymentPostprocessing = 0;
		};
		EBB132C21AD5C73B0046D241 /* Resources */ = {
			isa = PBXResourcesBuildPhase;
			buildActionMask = 2147483647;
			files = (
			);
			runOnlyForDeploymentPostprocessing = 0;
		};
/* End PBXResourcesBuildPhase section */

/* Begin PBXSourcesBuildPhase section */
		EBB132A71AD5C73B0046D241 /* Sources */ = {
			isa = PBXSourcesBuildPhase;
			buildActionMask = 2147483647;
			files = (
				EBB132B71AD5C73B0046D241 /* ViewController.m in Sources */,
				EBB132B41AD5C73B0046D241 /* AppDelegate.m in Sources */,
				EBB132B11AD5C73B0046D241 /* main.m in Sources */,
			);
			runOnlyForDeploymentPostprocessing = 0;
		};
		EBB132C01AD5C73B0046D241 /* Sources */ = {
			isa = PBXSourcesBuildPhase;
			buildActionMask = 2147483647;
			files = (
				EBB132CB1AD5C73B0046D241 /* ParseTutorialTests.m in Sources */,
			);
			runOnlyForDeploymentPostprocessing = 0;
		};
/* End PBXSourcesBuildPhase section */

/* Begin PBXTargetDependency section */
		EBB132C61AD5C73B0046D241 /* PBXTargetDependency */ = {
			isa = PBXTargetDependency;
			target = EBB132AA1AD5C73B0046D241 /* ParseTutorial */;
			targetProxy = EBB132C51AD5C73B0046D241 /* PBXContainerItemProxy */;
		};
/* End PBXTargetDependency section */

/* Begin PBXVariantGroup section */
		EBB132B81AD5C73B0046D241 /* Main.storyboard */ = {
			isa = PBXVariantGroup;
			children = (
				EBB132B91AD5C73B0046D241 /* Base */,
			);
			name = Main.storyboard;
			sourceTree = "<group>";
		};
		EBB132BD1AD5C73B0046D241 /* LaunchScreen.xib */ = {
			isa = PBXVariantGroup;
			children = (
				EBB132BE1AD5C73B0046D241 /* Base */,
			);
			name = LaunchScreen.xib;
			sourceTree = "<group>";
		};
/* End PBXVariantGroup section */

/* Begin XCBuildConfiguration section */
		EBB132CC1AD5C73B0046D241 /* Debug */ = {
			isa = XCBuildConfiguration;
			buildSettings = {
				ALWAYS_SEARCH_USER_PATHS = NO;
				CLANG_CXX_LANGUAGE_STANDARD = "gnu++0x";
				CLANG_CXX_LIBRARY = "libc++";
				CLANG_ENABLE_MODULES = YES;
				CLANG_ENABLE_OBJC_ARC = YES;
				CLANG_WARN_BOOL_CONVERSION = YES;
				CLANG_WARN_CONSTANT_CONVERSION = YES;
				CLANG_WARN_DIRECT_OBJC_ISA_USAGE = YES_ERROR;
				CLANG_WARN_EMPTY_BODY = YES;
				CLANG_WARN_ENUM_CONVERSION = YES;
				CLANG_WARN_INT_CONVERSION = YES;
				CLANG_WARN_OBJC_ROOT_CLASS = YES_ERROR;
				CLANG_WARN_UNREACHABLE_CODE = YES;
				CLANG_WARN__DUPLICATE_METHOD_MATCH = YES;
				"CODE_SIGN_IDENTITY[sdk=iphoneos*]" = "iPhone Developer";
				COPY_PHASE_STRIP = NO;
				DEBUG_INFORMATION_FORMAT = dwarf;
				ENABLE_STRICT_OBJC_MSGSEND = YES;
				GCC_C_LANGUAGE_STANDARD = gnu99;
				GCC_DYNAMIC_NO_PIC = NO;
				GCC_NO_COMMON_BLOCKS = YES;
				GCC_OPTIMIZATION_LEVEL = 0;
				GCC_PREPROCESSOR_DEFINITIONS = (
					"DEBUG=1",
					"$(inherited)",
				);
				GCC_SYMBOLS_PRIVATE_EXTERN = NO;
				GCC_WARN_64_TO_32_BIT_CONVERSION = YES;
				GCC_WARN_ABOUT_RETURN_TYPE = YES_ERROR;
				GCC_WARN_UNDECLARED_SELECTOR = YES;
				GCC_WARN_UNINITIALIZED_AUTOS = YES_AGGRESSIVE;
				GCC_WARN_UNUSED_FUNCTION = YES;
				GCC_WARN_UNUSED_VARIABLE = YES;
				IPHONEOS_DEPLOYMENT_TARGET = 8.3;
				MTL_ENABLE_DEBUG_INFO = YES;
				ONLY_ACTIVE_ARCH = YES;
				SDKROOT = iphoneos;
				TARGETED_DEVICE_FAMILY = "1,2";
			};
			name = Debug;
		};
		EBB132CD1AD5C73B0046D241 /* Release */ = {
			isa = XCBuildConfiguration;
			buildSettings = {
				ALWAYS_SEARCH_USER_PATHS = NO;
				CLANG_CXX_LANGUAGE_STANDARD = "gnu++0x";
				CLANG_CXX_LIBRARY = "libc++";
				CLANG_ENABLE_MODULES = YES;
				CLANG_ENABLE_OBJC_ARC = YES;
				CLANG_WARN_BOOL_CONVERSION = YES;
				CLANG_WARN_CONSTANT_CONVERSION = YES;
				CLANG_WARN_DIRECT_OBJC_ISA_USAGE = YES_ERROR;
				CLANG_WARN_EMPTY_BODY = YES;
				CLANG_WARN_ENUM_CONVERSION = YES;
				CLANG_WARN_INT_CONVERSION = YES;
				CLANG_WARN_OBJC_ROOT_CLASS = YES_ERROR;
				CLANG_WARN_UNREACHABLE_CODE = YES;
				CLANG_WARN__DUPLICATE_METHOD_MATCH = YES;
				"CODE_SIGN_IDENTITY[sdk=iphoneos*]" = "iPhone Developer";
				COPY_PHASE_STRIP = NO;
				DEBUG_INFORMATION_FORMAT = "dwarf-with-dsym";
				ENABLE_NS_ASSERTIONS = NO;
				ENABLE_STRICT_OBJC_MSGSEND = YES;
				GCC_C_LANGUAGE_STANDARD = gnu99;
				GCC_NO_COMMON_BLOCKS = YES;
				GCC_WARN_64_TO_32_BIT_CONVERSION = YES;
				GCC_WARN_ABOUT_RETURN_TYPE = YES_ERROR;
				GCC_WARN_UNDECLARED_SELECTOR = YES;
				GCC_WARN_UNINITIALIZED_AUTOS = YES_AGGRESSIVE;
				GCC_WARN_UNUSED_FUNCTION = YES;
				GCC_WARN_UNUSED_VARIABLE = YES;
				IPHONEOS_DEPLOYMENT_TARGET = 8.3;
				MTL_ENABLE_DEBUG_INFO = NO;
				SDKROOT = iphoneos;
				TARGETED_DEVICE_FAMILY = "1,2";
				VALIDATE_PRODUCT = YES;
			};
			name = Release;
		};
		EBB132CF1AD5C73B0046D241 /* Debug */ = {
			isa = XCBuildConfiguration;
			buildSettings = {
				ASSETCATALOG_COMPILER_APPICON_NAME = AppIcon;
				INFOPLIST_FILE = ParseTutorial/Info.plist;
				LD_RUNPATH_SEARCH_PATHS = "$(inherited) @executable_path/Frameworks";
				PRODUCT_NAME = "$(TARGET_NAME)";
			};
			name = Debug;
		};
		EBB132D01AD5C73B0046D241 /* Release */ = {
			isa = XCBuildConfiguration;
			buildSettings = {
				ASSETCATALOG_COMPILER_APPICON_NAME = AppIcon;
				INFOPLIST_FILE = ParseTutorial/Info.plist;
				LD_RUNPATH_SEARCH_PATHS = "$(inherited) @executable_path/Frameworks";
				PRODUCT_NAME = "$(TARGET_NAME)";
			};
			name = Release;
		};
		EBB132D21AD5C73B0046D241 /* Debug */ = {
			isa = XCBuildConfiguration;
			buildSettings = {
				BUNDLE_LOADER = "$(TEST_HOST)";
				FRAMEWORK_SEARCH_PATHS = (
					"$(SDKROOT)/Developer/Library/Frameworks",
					"$(inherited)",
				);
				GCC_PREPROCESSOR_DEFINITIONS = (
					"DEBUG=1",
					"$(inherited)",
				);
				INFOPLIST_FILE = ParseTutorialTests/Info.plist;
				LD_RUNPATH_SEARCH_PATHS = "$(inherited) @executable_path/Frameworks @loader_path/Frameworks";
				PRODUCT_NAME = "$(TARGET_NAME)";
				TEST_HOST = "$(BUILT_PRODUCTS_DIR)/ParseTutorial.app/ParseTutorial";
			};
			name = Debug;
		};
		EBB132D31AD5C73B0046D241 /* Release */ = {
			isa = XCBuildConfiguration;
			buildSettings = {
				BUNDLE_LOADER = "$(TEST_HOST)";
				FRAMEWORK_SEARCH_PATHS = (
					"$(SDKROOT)/Developer/Library/Frameworks",
					"$(inherited)",
				);
				INFOPLIST_FILE = ParseTutorialTests/Info.plist;
				LD_RUNPATH_SEARCH_PATHS = "$(inherited) @executable_path/Frameworks @loader_path/Frameworks";
				PRODUCT_NAME = "$(TARGET_NAME)";
				TEST_HOST = "$(BUILT_PRODUCTS_DIR)/ParseTutorial.app/ParseTutorial";
			};
			name = Release;
		};
/* End XCBuildConfiguration section */

/* Begin XCConfigurationList section */
		EBB132A61AD5C73B0046D241 /* Build configuration list for PBXProject "ParseTutorial" */ = {
			isa = XCConfigurationList;
			buildConfigurations = (
				EBB132CC1AD5C73B0046D241 /* Debug */,
				EBB132CD1AD5C73B0046D241 /* Release */,
			);
			defaultConfigurationIsVisible = 0;
			defaultConfigurationName = Release;
		};
		EBB132CE1AD5C73B0046D241 /* Build configuration list for PBXNativeTarget "ParseTutorial" */ = {
			isa = XCConfigurationList;
			buildConfigurations = (
				EBB132CF1AD5C73B0046D241 /* Debug */,
				EBB132D01AD5C73B0046D241 /* Release */,
			);
			defaultConfigurationIsVisible = 0;
		};
		EBB132D11AD5C73B0046D241 /* Build configuration list for PBXNativeTarget "ParseTutorialTests" */ = {
			isa = XCConfigurationList;
			buildConfigurations = (
				EBB132D21AD5C73B0046D241 /* Debug */,
				EBB132D31AD5C73B0046D241 /* Release */,
			);
			defaultConfigurationIsVisible = 0;
		};
/* End XCConfigurationList section */
	};
	rootObject = EBB132A31AD5C73B0046D241 /* Project object */;
}
